
Microsoft Visual Studio Solution File, Format Version 12.00
# Visual Studio Version 17
VisualStudioVersion = 17.9.34723.18
MinimumVisualStudioVersion = 10.0.40219.1
Project("{9A19103F-16F7-4668-BE54-9A1E7A4F7556}") = "CaptureWolf", "CaptureWolf\CaptureWolf.csproj", "{62443213-58AB-48A3-8EE3-682E64BE2CDD}"
EndProject
Project("{9A19103F-16F7-4668-BE54-9A1E7A4F7556}") = "CaptureWolf.UI", "CaptureWolf.Form\CaptureWolf.UI.csproj", "{A0B0A543-D979-41F1-8EAD-090DD785AF53}"
EndProject
Project("{54435603-DBB4-11D2-8724-00A0C9A8B90C}") = "CaptureWolf.Installer", "CaptureWolf.Installer\CaptureWolf.Installer.vdproj", "{3B82A65B-2EDD-460E-B3B9-6F835230FA0C}"
EndProject
Project("{2150E333-8FDC-42A3-9474-1A3956D46DE8}") = "docs", "docs", "{1B37A16C-46E0-4135-9149-7FE4533A50FA}"
	ProjectSection(SolutionItems) = preProject
		..\.gitignore = ..\.gitignore
		..\README.md = ..\README.md
	EndProjectSection
EndProject
Project("{2150E333-8FDC-42A3-9474-1A3956D46DE8}") = "_ci", "_ci", "{33C6D107-4087-4C9E-8189-C3DC2439D0F1}"
	ProjectSection(SolutionItems) = preProject
		..\.github\workflows\windows.yml = ..\.github\workflows\windows.yml
	EndProjectSection
EndProject
Global
	GlobalSection(SolutionConfigurationPlatforms) = preSolution
		Debug|Any CPU = Debug|Any CPU
		Release|Any CPU = Release|Any CPU
	EndGlobalSection
	GlobalSection(ProjectConfigurationPlatforms) = postSolution
		{62443213-58AB-48A3-8EE3-682E64BE2CDD}.Debug|Any CPU.ActiveCfg = Debug|Any CPU
		{62443213-58AB-48A3-8EE3-682E64BE2CDD}.Debug|Any CPU.Build.0 = Debug|Any CPU
		{62443213-58AB-48A3-8EE3-682E64BE2CDD}.Release|Any CPU.ActiveCfg = Release|Any CPU
		{62443213-58AB-48A3-8EE3-682E64BE2CDD}.Release|Any CPU.Build.0 = Release|Any CPU
		{A0B0A543-D979-41F1-8EAD-090DD785AF53}.Debug|Any CPU.ActiveCfg = Debug|Any CPU
		{A0B0A543-D979-41F1-8EAD-090DD785AF53}.Debug|Any CPU.Build.0 = Debug|Any CPU
		{A0B0A543-D979-41F1-8EAD-090DD785AF53}.Release|Any CPU.ActiveCfg = Release|Any CPU
		{A0B0A543-D979-41F1-8EAD-090DD785AF53}.Release|Any CPU.Build.0 = Release|Any CPU
		{3B82A65B-2EDD-460E-B3B9-6F835230FA0C}.Debug|Any CPU.ActiveCfg = Debug
		{3B82A65B-2EDD-460E-B3B9-6F835230FA0C}.Release|Any CPU.ActiveCfg = Release
		{3B82A65B-2EDD-460E-B3B9-6F835230FA0C}.Release|Any CPU.Build.0 = Release
	EndGlobalSection
	GlobalSection(SolutionProperties) = preSolution
		HideSolutionNode = FALSE
	EndGlobalSection
	GlobalSection(ExtensibilityGlobals) = postSolution
		SolutionGuid = {D3856437-E615-438B-9051-75DF6F09F99E}
	EndGlobalSection
EndGlobal
